{
  "commit": "a35d3b2d719dc08a826e9e2171168305ae68b8cc",
  "branch": "feature/db-and-go",
  "working_tree_dirty": false,
  "dirty_paths": [],
  "generated_at": "2026-08-09T15:30:00Z",
  "scope": [
    "sensor/",
    "mosquitto/",
    "docker-compose.yml",
    "Makefile",
    "db/",
    "ui/",
    "api/",
    "consumer/",
    "docs/*.md",
    "README.MD",
    "AGENTS.md",
    ".env.example",
    "SimpleMQTTMonitoring.code-workspace"
  ],
  "excluded": [
    ".git/",
    "ui/node_modules/",
    "docs/codemap/ — generated output, excluded from its own fingerprint",
    "sensor/.env — gitignored local secret/config file, excluded from fingerprint",
    ".env — gitignored local secret/config file, excluded from fingerprint",
    "docs/image/ — binary asset, not included in the docs *.md fingerprint",
    "api/api, api/bin/ — build artifacts, gitignored (api/.gitignore)"
  ],
  "fingerprint_algorithm": "sha256 over sorted file list per module; for each file, hash the UTF-8 relative path concatenated with raw file bytes (sha256sum), then sha256 over the concatenation of those per-file digests — computed against current working-tree file contents, not just the last commit",
  "previous_lock_compared_to": "docs/codemap/codemap.lock at commit cd79da37d4125766fa611c820454f0b19ce15ffe (2026-08-08, api-architecture design)",
  "changed_modules_since_previous_lock": [
    "db — добавлена db/migrations/000002_llm_analytics_readonly.up/down.sql: пересоздаёт sensor_readings_hourly со stddev_value/reading_count (ALTER для continuous aggregate недоступен) и создаёт read-only роль analytics_readonly с точечным GRANT SELECT",
    "api — go.mod/cmd/api/main.go без изменений (GET /health по-прежнему единственный код); модуль изменился только потому, что api-architecture.md переехал под docs (*.md), см. ниже",
    "docs (*.md) — docs/api-architecture.md дополнен разделом «LLM Analytics» (tool-calling цикл, инструменты, read-only доступ, интерфейс llm.Client); docs/PROJECT.md дополнен разделом с тем же решением и обновлённой статус-таблицей (модуль 8)",
    "root-config — .env.example дополнен ANALYTICS_DB_USER/ANALYTICS_DB_PASSWORD/LLM_API_KEY"
  ],
  "new_modules_since_previous_lock": [],
  "module_fingerprints": {
    "sensor": "4ce1be026d4e3beb5633a4a3f7b951499854d0e0441cffac7c666a181b169686",
    "mosquitto": "b8b885865e3e4531faa2184e8f173d3f2d71749debe66c987e1344346cd7e042",
    "docker-compose.yml": "6e3537a3902b380bcdf5abb381f4f7eb8f3894164c1bc514e8ebbd04c452ae7f",
    "Makefile": "b5588212d09d5a13a63837fa23586cf21267654899db8e8d113837217fe475ef",
    "db": "d51a98007b5fc1f1e508b321032cda71da12ae60d2c83b5640ed33c851d17a5e",
    "api": "1547debebb6d2cd322bf66d34281ab2539206dd2f5d02f05b3f016fd3f56ecfb",
    "consumer": "7ccb11dcb3ecd9532f1a897cd8a05c35c4966b2d6864694fda06d42f36baffea",
    "ui": "4ec52ecaf8f01999e755c31230082c08e85ba8e5f669ed5e6c950e7970e49dae",
    "docs (*.md)": "f57251b326e3d637b7c8f9dfb65a847ac4150c94df890bd28d4aac94c997d5d7",
    "root-config (README.MD, AGENTS.md, .gitignore, SimpleMQTTMonitoring.code-workspace, .env.example)": "20b6499923b5feba5e8dbb2a022d9255551b54c21c3358ee2f620d8a8d2a1b72"
  }
}
