{
  "commit": "cd79da37d4125766fa611c820454f0b19ce15ffe",
  "branch": "feature/db-and-go",
  "working_tree_dirty": true,
  "dirty_paths": [
    "docs/PROJECT.md (modified, uncommitted)",
    "docs/api-architecture.md (new, uncommitted)"
  ],
  "generated_at": "2026-08-08T14:00:00Z",
  "scope": [
    "sensor/",
    "mosquitto/",
    "docker-compose.yml",
    "Makefile",
    "db/",
    "ui/",
    "api/",
    "consumer/",
    "docs/*.md",
    "README.MD",
    "AGENTS.md",
    ".env.example",
    "SimpleMQTTMonitoring.code-workspace"
  ],
  "excluded": [
    ".git/",
    "ui/node_modules/",
    "docs/codemap/ — generated output, excluded from its own fingerprint",
    "sensor/.env — gitignored local secret/config file, excluded from fingerprint",
    ".env — gitignored local secret/config file, excluded from fingerprint",
    "docs/image/ — binary asset, not included in the docs *.md fingerprint",
    "api/api, api/bin/ — build artifacts, gitignored (api/.gitignore)"
  ],
  "fingerprint_algorithm": "sha256 over sorted file list per module; for each file, hash the UTF-8 relative path concatenated with raw file bytes (sha256sum), then sha256 over the concatenation of those per-file digests — computed against current working-tree file contents, not just the last commit",
  "previous_lock_compared_to": "docs/codemap/codemap.lock at commit c2c453eddb96fd3a75acb6e76b3eafcee063c668 (main, 2026-08-06, before this branch's DB/API work)",
  "changed_modules_since_previous_lock": [
    "docker-compose.yml — добавлены сервисы db (timescale/timescaledb) и migrate (одноразовый прогон миграций)",
    "docs (*.md) — docs/database-schema.md переработан (metrics убрана, alert_events добавлена, ограничения целостности); docs/PROJECT.md дополнен решениями по стеку/scope/миграциям (в основном ещё не закоммичено, working_tree_dirty)",
    "api — из placeholder (.gitkeep) стал реальным Go-модулем: go.mod, cmd/api/main.go (GET /health, проверено вживую)",
    "root-config — добавлен .env.example (новый), README.MD правился по ходу смены стека API"
  ],
  "new_modules_since_previous_lock": [
    "db — db/migrations/, независимая инфраструктура схемы БД (не существовала на прошлом lock)",
    "Makefile — обёртка над docker compose (не существовал на прошлом lock)"
  ],
  "module_fingerprints": {
    "sensor": "4ce1be026d4e3beb5633a4a3f7b951499854d0e0441cffac7c666a181b169686",
    "mosquitto": "b8b885865e3e4531faa2184e8f173d3f2d71749debe66c987e1344346cd7e042",
    "docker-compose.yml": "6e3537a3902b380bcdf5abb381f4f7eb8f3894164c1bc514e8ebbd04c452ae7f",
    "Makefile": "b5588212d09d5a13a63837fa23586cf21267654899db8e8d113837217fe475ef",
    "db": "a96dce05eb93922c0e1ea26287b9746673e7f17a0d6afa0a4faf2c03490292d2",
    "api": "a5e009cdd2f79760c65004736c91e2c477df874cbaef1370b7587fa54cf234d8",
    "consumer": "7ccb11dcb3ecd9532f1a897cd8a05c35c4966b2d6864694fda06d42f36baffea",
    "ui": "4ec52ecaf8f01999e755c31230082c08e85ba8e5f669ed5e6c950e7970e49dae",
    "docs (*.md)": "de9abc3f8fd47136dda8ed17f0365219522dbd4cbbf74ecb6e2a45bae87daad3",
    "root-config (README.MD, AGENTS.md, .gitignore, SimpleMQTTMonitoring.code-workspace, .env.example)": "c19012c6a4f92aec391cadf5ea6baa4b7618f4df87bfc6d408f14ca10ada42b1"
  }
}
